schema: '2.0'
stages:
  preprocess:
    cmd: python src/preprocess.py
    deps:
    - path: data/raw/heart.csv
      md5: 4ee20893ad7e2ff8ff5ed8dd0e7f37bc
      size: 38114
    - path: src/preprocess.py
      md5: a963166524629436ada0ca0495d6a0c3
      size: 216
    outs:
    - path: data/processed/processed.csv
      md5: 36e7c888c3463d297f8213dd92bc7563
      size: 38996
  train:
    cmd: python src/train.py
    deps:
    - path: data/processed/processed.csv
      md5: 36e7c888c3463d297f8213dd92bc7563
      size: 38996
    - path: src/train.py
      md5: dc5e7b8012d7386414e0cbd7bfc5431a
      size: 653
    outs:
    - path: models/model.pkl
      md5: 20ce808eb667be83cf019f28abca6492
      size: 1223849
  evaluate:
    cmd: python src/evaluate.py
    deps:
    - path: models/model.pkl
      md5: 20ce808eb667be83cf019f28abca6492
      size: 1223849
    - path: src/evaluate.py
      md5: d98bfefd7dad46d924720aacb97865c0
      size: 383
